
Microsoft Visual Studio Solution File, Format Version 12.00
# Visual Studio Version 16
VisualStudioVersion = 16.0.29609.76
MinimumVisualStudioVersion = 10.0.40219.1
Project("{FAE04EC0-301F-11D3-BF4B-00C04F79EFBC}") = "HW_2_21-01-21", "HW_2_21-01-21\HW_2_21-01-21.csproj", "{C0811086-3067-4C45-92F4-010ABC3C584D}"
EndProject
Global
	GlobalSection(SolutionConfigurationPlatforms) = preSolution
		Debug|Any CPU = Debug|Any CPU
		Release|Any CPU = Release|Any CPU
	EndGlobalSection
	GlobalSection(ProjectConfigurationPlatforms) = postSolution
		{C0811086-3067-4C45-92F4-010ABC3C584D}.Debug|Any CPU.ActiveCfg = Debug|Any CPU
		{C0811086-3067-4C45-92F4-010ABC3C584D}.Debug|Any CPU.Build.0 = Debug|Any CPU
		{C0811086-3067-4C45-92F4-010ABC3C584D}.Release|Any CPU.ActiveCfg = Release|Any CPU
		{C0811086-3067-4C45-92F4-010ABC3C584D}.Release|Any CPU.Build.0 = Release|Any CPU
	EndGlobalSection
	GlobalSection(SolutionProperties) = preSolution
		HideSolutionNode = FALSE
	EndGlobalSection
	GlobalSection(ExtensibilityGlobals) = postSolution
		SolutionGuid = {8401EDC5-F833-438F-BDBF-345B0DB54D7F}
	EndGlobalSection
EndGlobal
